
Microsoft Visual Studio Solution File, Format Version 12.00
# Visual Studio Version 16
VisualStudioVersion = 16.0.31112.23
MinimumVisualStudioVersion = 10.0.40219.1
Project("{9A19103F-16F7-4668-BE54-9A1E7A4F7556}") = "Clover", "Clover\Clover.csproj", "{675644D4-8230-4028-BB2C-70E3EE8CAAE5}"
EndProject
Global
	GlobalSection(SolutionConfigurationPlatforms) = preSolution
		Debug|Any CPU = Debug|Any CPU
		Release|Any CPU = Release|Any CPU
	EndGlobalSection
	GlobalSection(ProjectConfigurationPlatforms) = postSolution
		{675644D4-8230-4028-BB2C-70E3EE8CAAE5}.Debug|Any CPU.ActiveCfg = Debug|Any CPU
		{675644D4-8230-4028-BB2C-70E3EE8CAAE5}.Debug|Any CPU.Build.0 = Debug|Any CPU
		{675644D4-8230-4028-BB2C-70E3EE8CAAE5}.Release|Any CPU.ActiveCfg = Release|Any CPU
		{675644D4-8230-4028-BB2C-70E3EE8CAAE5}.Release|Any CPU.Build.0 = Release|Any CPU
	EndGlobalSection
	GlobalSection(SolutionProperties) = preSolution
		HideSolutionNode = FALSE
	EndGlobalSection
	GlobalSection(ExtensibilityGlobals) = postSolution
		SolutionGuid = {4778BF26-FA0A-4481-AC4A-F82909A23C3B}
	EndGlobalSection
EndGlobal
